
Microsoft Visual Studio Solution File, Format Version 12.00
# Visual Studio Version 17
VisualStudioVersion = 17.7.34031.279
MinimumVisualStudioVersion = 10.0.40219.1
Project("{FAE04EC0-301F-11D3-BF4B-00C04F79EFBC}") = "Gestion_Etudiants", "Gestion_Etudiants\Gestion_Etudiants.csproj", "{BD971D9E-92A4-474D-B226-1345F8E431BE}"
EndProject
Global
	GlobalSection(SolutionConfigurationPlatforms) = preSolution
		Debug|Any CPU = Debug|Any CPU
		Release|Any CPU = Release|Any CPU
	EndGlobalSection
	GlobalSection(ProjectConfigurationPlatforms) = postSolution
		{BD971D9E-92A4-474D-B226-1345F8E431BE}.Debug|Any CPU.ActiveCfg = Debug|Any CPU
		{BD971D9E-92A4-474D-B226-1345F8E431BE}.Debug|Any CPU.Build.0 = Debug|Any CPU
		{BD971D9E-92A4-474D-B226-1345F8E431BE}.Release|Any CPU.ActiveCfg = Release|Any CPU
		{BD971D9E-92A4-474D-B226-1345F8E431BE}.Release|Any CPU.Build.0 = Release|Any CPU
	EndGlobalSection
	GlobalSection(SolutionProperties) = preSolution
		HideSolutionNode = FALSE
	EndGlobalSection
	GlobalSection(ExtensibilityGlobals) = postSolution
		SolutionGuid = {8B4F800E-F225-4BC0-9029-A57ABDDE7DE7}
	EndGlobalSection
EndGlobal
